
Microsoft Visual Studio Solution File, Format Version 12.00
# Visual Studio 2012
Project("{FAE04EC0-301F-11D3-BF4B-00C04F79EFBC}") = "MP_CYBER_POLICE_PORTAL", "MP_CYBER_POLICE_PORTAL\MP_CYBER_POLICE_PORTAL.csproj", "{F1A2DFE8-58E9-4A67-85B9-82D390E677F8}"
EndProject
Global
	GlobalSection(SolutionConfigurationPlatforms) = preSolution
		Debug|Any CPU = Debug|Any CPU
		Release|Any CPU = Release|Any CPU
	EndGlobalSection
	GlobalSection(ProjectConfigurationPlatforms) = postSolution
		{F1A2DFE8-58E9-4A67-85B9-82D390E677F8}.Debug|Any CPU.ActiveCfg = Debug|Any CPU
		{F1A2DFE8-58E9-4A67-85B9-82D390E677F8}.Debug|Any CPU.Build.0 = Debug|Any CPU
		{F1A2DFE8-58E9-4A67-85B9-82D390E677F8}.Release|Any CPU.ActiveCfg = Release|Any CPU
		{F1A2DFE8-58E9-4A67-85B9-82D390E677F8}.Release|Any CPU.Build.0 = Release|Any CPU
	EndGlobalSection
	GlobalSection(SolutionProperties) = preSolution
		HideSolutionNode = FALSE
	EndGlobalSection
EndGlobal
